
Microsoft Visual Studio Solution File, Format Version 12.00
# Visual Studio Version 17
VisualStudioVersion = 17.4.33213.308
MinimumVisualStudioVersion = 10.0.40219.1
Project("{FAE04EC0-301F-11D3-BF4B-00C04F79EFBC}") = "WebApplication2", "WebApplication2\WebApplication2.csproj", "{D0CC646F-4C33-4716-B118-D2AAB1F5D968}"
EndProject
Global
	GlobalSection(SolutionConfigurationPlatforms) = preSolution
		Debug|Any CPU = Debug|Any CPU
		Release|Any CPU = Release|Any CPU
	EndGlobalSection
	GlobalSection(ProjectConfigurationPlatforms) = postSolution
		{D0CC646F-4C33-4716-B118-D2AAB1F5D968}.Debug|Any CPU.ActiveCfg = Debug|Any CPU
		{D0CC646F-4C33-4716-B118-D2AAB1F5D968}.Debug|Any CPU.Build.0 = Debug|Any CPU
		{D0CC646F-4C33-4716-B118-D2AAB1F5D968}.Release|Any CPU.ActiveCfg = Release|Any CPU
		{D0CC646F-4C33-4716-B118-D2AAB1F5D968}.Release|Any CPU.Build.0 = Release|Any CPU
	EndGlobalSection
	GlobalSection(SolutionProperties) = preSolution
		HideSolutionNode = FALSE
	EndGlobalSection
	GlobalSection(ExtensibilityGlobals) = postSolution
		SolutionGuid = {B4C4CE2A-2F19-4F94-800B-019CEDC7B284}
	EndGlobalSection
EndGlobal
